PODS:
  - Flutter (1.0.0)
  - flutter_inappwebview_ios (0.0.1):
    - Flutter
    - flutter_inappwebview_ios/Core (= 0.0.1)
    - OrderedSet (~> 5.0)
  - flutter_inappwebview_ios/Core (0.0.1):
    - Flutter
    - OrderedSet (~> 5.0)
  - OrderedSet (5.0.0)
  - rust_lib_tau_core (0.0.1):
    - Flutter
  - tau (0.0.5):
    - Flutter
  - tau_plugin (0.0.1):
    - Flutter

DEPENDENCIES:
  - Flutter (from `Flutter`)
  - flutter_inappwebview_ios (from `.symlinks/plugins/flutter_inappwebview_ios/ios`)
  - rust_lib_tau_core (from `.symlinks/plugins/rust_lib_tau_core/ios`)
  - tau (from `.symlinks/plugins/tau/ios`)
  - tau_plugin (from `.symlinks/plugins/tau_plugin/ios`)

SPEC REPOS:
  trunk:
    - OrderedSet

EXTERNAL SOURCES:
  Flutter:
    :path: Flutter
  flutter_inappwebview_ios:
    :path: ".symlinks/plugins/flutter_inappwebview_ios/ios"
  rust_lib_tau_core:
    :path: ".symlinks/plugins/rust_lib_tau_core/ios"
  tau:
    :path: ".symlinks/plugins/tau/ios"
  tau_plugin:
    :path: ".symlinks/plugins/tau_plugin/ios"

SPEC CHECKSUMS:
  Flutter: e0871f40cf51350855a761d2e70bf5af5b9b5de7
  flutter_inappwebview_ios: 97215cf7d4677db55df76782dbd2930c5e1c1ea0
  OrderedSet: aaeb196f7fef5a9edf55d89760da9176ad40b93c
  rust_lib_tau_core: cbebdaca2a26a2d349b0d04b7a6901af94fe910d
  tau: e503be21c87626aa3ad872103768a40b4e27c0f7
  tau_plugin: 3055d2673287b771c37f1fc62915e62f251579f7

PODFILE CHECKSUM: 819463e6a0290f5a72f145ba7cde16e8b6ef0796

COCOAPODS: 1.15.2
